
Microsoft Visual Studio Solution File, Format Version 12.00
Project("{2150E333-8FDC-42A3-9474-1A3956D46DE8}") = "src", "src", "{3D3DA612-2E08-4BA9-AA05-3B54DF1754D9}"
EndProject
Project("{2150E333-8FDC-42A3-9474-1A3956D46DE8}") = "AuthorizationService", "AuthorizationService", "{58F654DE-FA26-4166-83E4-29E75DD1BB58}"
EndProject
Project("{2150E333-8FDC-42A3-9474-1A3956D46DE8}") = "src", "src", "{3C1E5B50-EA4B-48C1-BD64-1A31C877A1A1}"
EndProject
Project("{FAE04EC0-301F-11D3-BF4B-00C04F79EFBC}") = "AuthorizationService.Domain", "src\AuthorizationService\src\AuthorizationService.Domain\AuthorizationService.Domain.csproj", "{7B550E5B-C7EB-447F-804E-24069BD67A84}"
EndProject
Project("{FAE04EC0-301F-11D3-BF4B-00C04F79EFBC}") = "AuthorizationService.Infrastructure", "src\AuthorizationService\src\AuthorizationService.Infrastructure\AuthorizationService.Infrastructure.csproj", "{9E924ECE-1399-4F29-A4BA-3995170E82F7}"
EndProject
Project("{2150E333-8FDC-42A3-9474-1A3956D46DE8}") = "tests", "tests", "{8E8AAEF7-8468-4C96-8F7F-1EEDD5A1CFCC}"
EndProject
Project("{FAE04EC0-301F-11D3-BF4B-00C04F79EFBC}") = "AuthorizationService.Application", "src\AuthorizationService\src\AuthorizationService.Application\AuthorizationService.Application.csproj", "{B5A47565-06F0-4A5E-8B0B-DFDF8D73B6D2}"
EndProject
Project("{2150E333-8FDC-42A3-9474-1A3956D46DE8}") = "SharedService", "SharedService", "{C5538FAD-FA7F-4CEC-ACFA-2CC00DAE01CD}"
EndProject
Project("{2150E333-8FDC-42A3-9474-1A3956D46DE8}") = "src", "src", "{A1BEC8C9-5A48-4C8C-BDE0-B4447D279CEB}"
EndProject
Project("{2150E333-8FDC-42A3-9474-1A3956D46DE8}") = "tests", "tests", "{DC56EFF4-5061-4C96-BDC1-90E3A6703663}"
EndProject
Project("{FAE04EC0-301F-11D3-BF4B-00C04F79EFBC}") = "CoreConfiguration", "src\SharedService\src\CoreConfiguration\CoreConfiguration.csproj", "{2A3A9112-CDD0-4662-8C6A-FE8EAF9D13CC}"
EndProject
Project("{FAE04EC0-301F-11D3-BF4B-00C04F79EFBC}") = "MessagePublisher", "src\SharedService\src\MessagePublisherService\src\MessagePublisher\MessagePublisher.csproj", "{EDCD99EB-BA17-4C22-AB27-A63210825D27}"
EndProject
Project("{2150E333-8FDC-42A3-9474-1A3956D46DE8}") = "AccountService", "AccountService", "{ED2F59F1-6624-4C3E-827C-05191497053F}"
EndProject
Project("{2150E333-8FDC-42A3-9474-1A3956D46DE8}") = "src", "src", "{C283E9F7-04B9-4B7F-9380-CF039334F6B4}"
EndProject
Project("{FAE04EC0-301F-11D3-BF4B-00C04F79EFBC}") = "AccountService.Domain", "src\AccountService\src\AccountService.Domain\AccountService.Domain.csproj", "{F8219A78-E683-44B5-B011-57FCCA7BEF56}"
EndProject
Project("{FAE04EC0-301F-11D3-BF4B-00C04F79EFBC}") = "AccountService.Application", "src\AccountService\src\AccountService.Application\AccountService.Application.csproj", "{69BC443A-4353-4802-8EBA-7BC0B5E131E9}"
EndProject
Project("{FAE04EC0-301F-11D3-BF4B-00C04F79EFBC}") = "AccountService.Infrastructure", "src\AccountService\src\AccountService.Infrastructure\AccountService.Infrastructure.csproj", "{15392F84-2361-45F5-BAEB-2BFC4D2995D0}"
EndProject
Project("{2150E333-8FDC-42A3-9474-1A3956D46DE8}") = "docs", "docs", "{C3BE7310-83DB-49AE-89CB-C5DCBA0E3445}"
EndProject
Project("{2150E333-8FDC-42A3-9474-1A3956D46DE8}") = "StorageService", "StorageService", "{A5DF5816-1484-4EF8-90BC-1E71ADF5A81F}"
EndProject
Project("{2150E333-8FDC-42A3-9474-1A3956D46DE8}") = "src", "src", "{37D27B2E-0222-4035-AFE5-8136B5C85C33}"
EndProject
Project("{FAE04EC0-301F-11D3-BF4B-00C04F79EFBC}") = "StorageService.Application", "src\StorageService\src\StorageService.Application\StorageService.Application.csproj", "{78312136-2C09-4FC5-9F5D-E0EC9A0B7B61}"
EndProject
Project("{FAE04EC0-301F-11D3-BF4B-00C04F79EFBC}") = "StorageService.Infrastructure", "src\StorageService\src\StorageService.Infrastructure\StorageService.Infrastructure.csproj", "{50F4F275-7D89-40B6-89FC-A4BCBD21FF2B}"
EndProject
Project("{FAE04EC0-301F-11D3-BF4B-00C04F79EFBC}") = "StorageService.Domain", "src\StorageService\src\StorageService.Domain\StorageService.Domain.csproj", "{A4C7A63A-7DFE-4EBF-A3CF-91B9EC8022DA}"
EndProject
Project("{2150E333-8FDC-42A3-9474-1A3956D46DE8}") = "Core", "Core", "{8C8367D1-7610-4540-B0C3-841D6A04BA74}"
EndProject
Project("{2150E333-8FDC-42A3-9474-1A3956D46DE8}") = "Core", "Core", "{5A5DBDEA-6BC5-43F4-8C4B-CE1F3E8853E5}"
EndProject
Project("{FAE04EC0-301F-11D3-BF4B-00C04F79EFBC}") = "AccountService.Api", "src\AccountService\src\AccountService.Api\AccountService.Api.csproj", "{221E41F4-896B-4948-B782-7C3B99C3EA2E}"
EndProject
Project("{FAE04EC0-301F-11D3-BF4B-00C04F79EFBC}") = "AuthorizationService.Api", "src\AuthorizationService\src\AuthorizationService.Api\AuthorizationService.Api.csproj", "{5A44DDF2-5624-4E06-B5C3-ECA76310375D}"
EndProject
Project("{FAE04EC0-301F-11D3-BF4B-00C04F79EFBC}") = "StorageService.Api", "src\StorageService\src\StorageService.Api\StorageService.Api.csproj", "{4F338BCA-F037-411C-8EFF-F86B3E3D38D9}"
EndProject
Project("{2150E333-8FDC-42A3-9474-1A3956D46DE8}") = "Core", "Core", "{D881E7B7-365C-4DA0-8520-EB9B167E5199}"
EndProject
Project("{2150E333-8FDC-42A3-9474-1A3956D46DE8}") = "ExchangeService", "ExchangeService", "{8DCDA0F0-8249-4482-BBE6-252FE1FC810E}"
EndProject
Project("{2150E333-8FDC-42A3-9474-1A3956D46DE8}") = "Core", "Core", "{8D189AA2-9D9F-43D1-A007-88A9DE50AA66}"
EndProject
Project("{2150E333-8FDC-42A3-9474-1A3956D46DE8}") = "src", "src", "{622976DA-716E-4A00-864C-B2125EE4DDB1}"
EndProject
Project("{FAE04EC0-301F-11D3-BF4B-00C04F79EFBC}") = "ExchangeService.Application", "src\ExchangeService\src\ExchangeService.Application\ExchangeService.Application.csproj", "{71FDD385-24E0-4ED9-A4A2-83E760D095A1}"
EndProject
Project("{FAE04EC0-301F-11D3-BF4B-00C04F79EFBC}") = "ExchangeService.Domain", "src\ExchangeService\src\ExchangeService.Domain\ExchangeService.Domain.csproj", "{52C7CD5C-1F18-4EB0-9E59-BCBC48154974}"
EndProject
Project("{FAE04EC0-301F-11D3-BF4B-00C04F79EFBC}") = "ExchangeService.Infrastructure", "src\ExchangeService\src\ExchangeService.Infrastructure\ExchangeService.Infrastructure.csproj", "{A1C965A4-C726-4D25-A52D-7B487440D4EC}"
EndProject
Project("{FAE04EC0-301F-11D3-BF4B-00C04F79EFBC}") = "ExchangeService.Api", "src\ExchangeService\src\ExchangeService.Api\ExchangeService.Api.csproj", "{B16A4BB3-6E4E-4ECC-853C-95076ADAE944}"
EndProject
Project("{2150E333-8FDC-42A3-9474-1A3956D46DE8}") = "ExchangeCacheService", "ExchangeCacheService", "{200FE88C-D8C8-4B10-BFD9-85086DD6939A}"
EndProject
Project("{2150E333-8FDC-42A3-9474-1A3956D46DE8}") = "src", "src", "{8DAB9FDD-BA90-4E3C-B287-77476DCDEFAA}"
EndProject
Project("{FAE04EC0-301F-11D3-BF4B-00C04F79EFBC}") = "ExchangeCacheService.BLL", "src\ExchangeCacheService\src\ExchangeCacheService.BLL\ExchangeCacheService.BLL.csproj", "{47754421-C19E-4F28-A986-46C2EDCF0400}"
EndProject
Project("{FAE04EC0-301F-11D3-BF4B-00C04F79EFBC}") = "ExchangeCacheService.Api", "src\ExchangeCacheService\src\ExchangeCacheService.Api\ExchangeCacheService.Api.csproj", "{3646C3DC-71EA-4255-9FC2-7391010CCFF3}"
EndProject
Project("{2150E333-8FDC-42A3-9474-1A3956D46DE8}") = "MessageService", "MessageService", "{ACFCB3CE-4BF0-4D41-A744-AD2758A0AFD5}"
EndProject
Project("{FAE04EC0-301F-11D3-BF4B-00C04F79EFBC}") = "MessageService.Domain", "src\MessageService\src\MessageService.Domain\MessageService.Domain.csproj", "{38380400-1F86-43C8-9ACD-1D8E234370D4}"
EndProject
Project("{2150E333-8FDC-42A3-9474-1A3956D46DE8}") = "Core", "Core", "{AC50CFF4-0697-4080-BF80-6F3B8CD7CB7D}"
EndProject
Project("{FAE04EC0-301F-11D3-BF4B-00C04F79EFBC}") = "MessageService.Application", "src\MessageService\src\MessageService.Application\MessageService.Application.csproj", "{CDA6325F-8862-40E3-8926-518D86CFC252}"
EndProject
Project("{FAE04EC0-301F-11D3-BF4B-00C04F79EFBC}") = "MessageService.Api", "src\MessageService\src\MessageService.Api\MessageService.Api.csproj", "{0856832A-09FF-4CE2-8C5A-6F4559B3F616}"
EndProject
Project("{FAE04EC0-301F-11D3-BF4B-00C04F79EFBC}") = "MessageService.Infrastructure", "src\MessageService\src\MessageService.Infrastructure\MessageService.Infrastructure.csproj", "{05AAECFD-5A06-4900-B5D7-390FFD6CEA95}"
EndProject
Project("{2150E333-8FDC-42A3-9474-1A3956D46DE8}") = "src", "src", "{FD5976E7-A7B2-48ED-B136-DDF7CA64F9FA}"
EndProject
Project("{2150E333-8FDC-42A3-9474-1A3956D46DE8}") = "BackgroundDailyService", "BackgroundDailyService", "{DC5EA119-DA10-46B2-AFB8-DBCFE984A8E8}"
EndProject
Project("{2150E333-8FDC-42A3-9474-1A3956D46DE8}") = "src", "src", "{F8F1940E-5C4B-4E03-A49D-39C2A7EC3A89}"
EndProject
Project("{FAE04EC0-301F-11D3-BF4B-00C04F79EFBC}") = "BackgroundDailyService.Infrastructure", "src\BackgroundDailyService\src\BackgroundDailyService.Infrastructure\BackgroundDailyService.Infrastructure.csproj", "{5CEFCD81-7BA1-4787-847F-E048475AF346}"
EndProject
Project("{FAE04EC0-301F-11D3-BF4B-00C04F79EFBC}") = "BackgroundDailyService.Application", "src\BackgroundDailyService\src\BackgroundDailyService.Application\BackgroundDailyService.Application.csproj", "{4FB51809-6E1B-4A01-873E-F7ACEE3CB8F7}"
EndProject
Project("{FAE04EC0-301F-11D3-BF4B-00C04F79EFBC}") = "BackgroundDailyService.Domain", "src\BackgroundDailyService\src\BackgroundDailyService.Domain\BackgroundDailyService.Domain.csproj", "{27480E50-FB5B-40BD-8421-35F418E99B44}"
EndProject
Project("{FAE04EC0-301F-11D3-BF4B-00C04F79EFBC}") = "BackgroundDailyService.Presentation", "src\BackgroundDailyService\src\BackgroundDailyService.Presentation\BackgroundDailyService.Presentation.csproj", "{1C61125E-7F1A-4FD9-91F7-03D784F8C288}"
EndProject
Project("{2150E333-8FDC-42A3-9474-1A3956D46DE8}") = "Core", "Core", "{A0624011-EB9E-4011-991B-F245002AC2A8}"
EndProject
Global
	GlobalSection(SolutionConfigurationPlatforms) = preSolution
		Debug|Any CPU = Debug|Any CPU
		Release|Any CPU = Release|Any CPU
	EndGlobalSection
	GlobalSection(NestedProjects) = preSolution
		{58F654DE-FA26-4166-83E4-29E75DD1BB58} = {3D3DA612-2E08-4BA9-AA05-3B54DF1754D9}
		{3C1E5B50-EA4B-48C1-BD64-1A31C877A1A1} = {58F654DE-FA26-4166-83E4-29E75DD1BB58}
		{9E924ECE-1399-4F29-A4BA-3995170E82F7} = {3C1E5B50-EA4B-48C1-BD64-1A31C877A1A1}
		{C5538FAD-FA7F-4CEC-ACFA-2CC00DAE01CD} = {3D3DA612-2E08-4BA9-AA05-3B54DF1754D9}
		{A1BEC8C9-5A48-4C8C-BDE0-B4447D279CEB} = {C5538FAD-FA7F-4CEC-ACFA-2CC00DAE01CD}
		{DC56EFF4-5061-4C96-BDC1-90E3A6703663} = {C5538FAD-FA7F-4CEC-ACFA-2CC00DAE01CD}
		{2A3A9112-CDD0-4662-8C6A-FE8EAF9D13CC} = {A1BEC8C9-5A48-4C8C-BDE0-B4447D279CEB}
		{EDCD99EB-BA17-4C22-AB27-A63210825D27} = {A1BEC8C9-5A48-4C8C-BDE0-B4447D279CEB}
		{ED2F59F1-6624-4C3E-827C-05191497053F} = {3D3DA612-2E08-4BA9-AA05-3B54DF1754D9}
		{C283E9F7-04B9-4B7F-9380-CF039334F6B4} = {ED2F59F1-6624-4C3E-827C-05191497053F}
		{15392F84-2361-45F5-BAEB-2BFC4D2995D0} = {C283E9F7-04B9-4B7F-9380-CF039334F6B4}
		{A5DF5816-1484-4EF8-90BC-1E71ADF5A81F} = {3D3DA612-2E08-4BA9-AA05-3B54DF1754D9}
		{37D27B2E-0222-4035-AFE5-8136B5C85C33} = {A5DF5816-1484-4EF8-90BC-1E71ADF5A81F}
		{50F4F275-7D89-40B6-89FC-A4BCBD21FF2B} = {37D27B2E-0222-4035-AFE5-8136B5C85C33}
		{8C8367D1-7610-4540-B0C3-841D6A04BA74} = {C283E9F7-04B9-4B7F-9380-CF039334F6B4}
		{69BC443A-4353-4802-8EBA-7BC0B5E131E9} = {8C8367D1-7610-4540-B0C3-841D6A04BA74}
		{F8219A78-E683-44B5-B011-57FCCA7BEF56} = {8C8367D1-7610-4540-B0C3-841D6A04BA74}
		{5A5DBDEA-6BC5-43F4-8C4B-CE1F3E8853E5} = {3C1E5B50-EA4B-48C1-BD64-1A31C877A1A1}
		{7B550E5B-C7EB-447F-804E-24069BD67A84} = {5A5DBDEA-6BC5-43F4-8C4B-CE1F3E8853E5}
		{B5A47565-06F0-4A5E-8B0B-DFDF8D73B6D2} = {5A5DBDEA-6BC5-43F4-8C4B-CE1F3E8853E5}
		{221E41F4-896B-4948-B782-7C3B99C3EA2E} = {C283E9F7-04B9-4B7F-9380-CF039334F6B4}
		{5A44DDF2-5624-4E06-B5C3-ECA76310375D} = {3C1E5B50-EA4B-48C1-BD64-1A31C877A1A1}
		{4F338BCA-F037-411C-8EFF-F86B3E3D38D9} = {37D27B2E-0222-4035-AFE5-8136B5C85C33}
		{D881E7B7-365C-4DA0-8520-EB9B167E5199} = {37D27B2E-0222-4035-AFE5-8136B5C85C33}
		{78312136-2C09-4FC5-9F5D-E0EC9A0B7B61} = {D881E7B7-365C-4DA0-8520-EB9B167E5199}
		{A4C7A63A-7DFE-4EBF-A3CF-91B9EC8022DA} = {D881E7B7-365C-4DA0-8520-EB9B167E5199}
		{8DCDA0F0-8249-4482-BBE6-252FE1FC810E} = {3D3DA612-2E08-4BA9-AA05-3B54DF1754D9}
		{622976DA-716E-4A00-864C-B2125EE4DDB1} = {8DCDA0F0-8249-4482-BBE6-252FE1FC810E}
		{8D189AA2-9D9F-43D1-A007-88A9DE50AA66} = {622976DA-716E-4A00-864C-B2125EE4DDB1}
		{71FDD385-24E0-4ED9-A4A2-83E760D095A1} = {8D189AA2-9D9F-43D1-A007-88A9DE50AA66}
		{52C7CD5C-1F18-4EB0-9E59-BCBC48154974} = {8D189AA2-9D9F-43D1-A007-88A9DE50AA66}
		{A1C965A4-C726-4D25-A52D-7B487440D4EC} = {622976DA-716E-4A00-864C-B2125EE4DDB1}
		{B16A4BB3-6E4E-4ECC-853C-95076ADAE944} = {622976DA-716E-4A00-864C-B2125EE4DDB1}
		{200FE88C-D8C8-4B10-BFD9-85086DD6939A} = {3D3DA612-2E08-4BA9-AA05-3B54DF1754D9}
		{8DAB9FDD-BA90-4E3C-B287-77476DCDEFAA} = {200FE88C-D8C8-4B10-BFD9-85086DD6939A}
		{47754421-C19E-4F28-A986-46C2EDCF0400} = {8DAB9FDD-BA90-4E3C-B287-77476DCDEFAA}
		{3646C3DC-71EA-4255-9FC2-7391010CCFF3} = {8DAB9FDD-BA90-4E3C-B287-77476DCDEFAA}
		{ACFCB3CE-4BF0-4D41-A744-AD2758A0AFD5} = {3D3DA612-2E08-4BA9-AA05-3B54DF1754D9}
		{38380400-1F86-43C8-9ACD-1D8E234370D4} = {AC50CFF4-0697-4080-BF80-6F3B8CD7CB7D}
		{CDA6325F-8862-40E3-8926-518D86CFC252} = {AC50CFF4-0697-4080-BF80-6F3B8CD7CB7D}
		{FD5976E7-A7B2-48ED-B136-DDF7CA64F9FA} = {ACFCB3CE-4BF0-4D41-A744-AD2758A0AFD5}
		{AC50CFF4-0697-4080-BF80-6F3B8CD7CB7D} = {FD5976E7-A7B2-48ED-B136-DDF7CA64F9FA}
		{0856832A-09FF-4CE2-8C5A-6F4559B3F616} = {FD5976E7-A7B2-48ED-B136-DDF7CA64F9FA}
		{05AAECFD-5A06-4900-B5D7-390FFD6CEA95} = {FD5976E7-A7B2-48ED-B136-DDF7CA64F9FA}
		{DC5EA119-DA10-46B2-AFB8-DBCFE984A8E8} = {3D3DA612-2E08-4BA9-AA05-3B54DF1754D9}
		{F8F1940E-5C4B-4E03-A49D-39C2A7EC3A89} = {DC5EA119-DA10-46B2-AFB8-DBCFE984A8E8}
		{5CEFCD81-7BA1-4787-847F-E048475AF346} = {F8F1940E-5C4B-4E03-A49D-39C2A7EC3A89}
		{1C61125E-7F1A-4FD9-91F7-03D784F8C288} = {F8F1940E-5C4B-4E03-A49D-39C2A7EC3A89}
		{A0624011-EB9E-4011-991B-F245002AC2A8} = {F8F1940E-5C4B-4E03-A49D-39C2A7EC3A89}
		{27480E50-FB5B-40BD-8421-35F418E99B44} = {A0624011-EB9E-4011-991B-F245002AC2A8}
		{4FB51809-6E1B-4A01-873E-F7ACEE3CB8F7} = {A0624011-EB9E-4011-991B-F245002AC2A8}
	EndGlobalSection
	GlobalSection(ProjectConfigurationPlatforms) = postSolution
		{7B550E5B-C7EB-447F-804E-24069BD67A84}.Debug|Any CPU.ActiveCfg = Debug|Any CPU
		{7B550E5B-C7EB-447F-804E-24069BD67A84}.Debug|Any CPU.Build.0 = Debug|Any CPU
		{7B550E5B-C7EB-447F-804E-24069BD67A84}.Release|Any CPU.ActiveCfg = Release|Any CPU
		{7B550E5B-C7EB-447F-804E-24069BD67A84}.Release|Any CPU.Build.0 = Release|Any CPU
		{9E924ECE-1399-4F29-A4BA-3995170E82F7}.Debug|Any CPU.ActiveCfg = Debug|Any CPU
		{9E924ECE-1399-4F29-A4BA-3995170E82F7}.Debug|Any CPU.Build.0 = Debug|Any CPU
		{9E924ECE-1399-4F29-A4BA-3995170E82F7}.Release|Any CPU.ActiveCfg = Release|Any CPU
		{9E924ECE-1399-4F29-A4BA-3995170E82F7}.Release|Any CPU.Build.0 = Release|Any CPU
		{B5A47565-06F0-4A5E-8B0B-DFDF8D73B6D2}.Debug|Any CPU.ActiveCfg = Debug|Any CPU
		{B5A47565-06F0-4A5E-8B0B-DFDF8D73B6D2}.Debug|Any CPU.Build.0 = Debug|Any CPU
		{B5A47565-06F0-4A5E-8B0B-DFDF8D73B6D2}.Release|Any CPU.ActiveCfg = Release|Any CPU
		{B5A47565-06F0-4A5E-8B0B-DFDF8D73B6D2}.Release|Any CPU.Build.0 = Release|Any CPU
		{2A3A9112-CDD0-4662-8C6A-FE8EAF9D13CC}.Debug|Any CPU.ActiveCfg = Debug|Any CPU
		{2A3A9112-CDD0-4662-8C6A-FE8EAF9D13CC}.Debug|Any CPU.Build.0 = Debug|Any CPU
		{2A3A9112-CDD0-4662-8C6A-FE8EAF9D13CC}.Release|Any CPU.ActiveCfg = Release|Any CPU
		{2A3A9112-CDD0-4662-8C6A-FE8EAF9D13CC}.Release|Any CPU.Build.0 = Release|Any CPU
		{EDCD99EB-BA17-4C22-AB27-A63210825D27}.Debug|Any CPU.ActiveCfg = Debug|Any CPU
		{EDCD99EB-BA17-4C22-AB27-A63210825D27}.Debug|Any CPU.Build.0 = Debug|Any CPU
		{EDCD99EB-BA17-4C22-AB27-A63210825D27}.Release|Any CPU.ActiveCfg = Release|Any CPU
		{EDCD99EB-BA17-4C22-AB27-A63210825D27}.Release|Any CPU.Build.0 = Release|Any CPU
		{F8219A78-E683-44B5-B011-57FCCA7BEF56}.Debug|Any CPU.ActiveCfg = Debug|Any CPU
		{F8219A78-E683-44B5-B011-57FCCA7BEF56}.Debug|Any CPU.Build.0 = Debug|Any CPU
		{F8219A78-E683-44B5-B011-57FCCA7BEF56}.Release|Any CPU.ActiveCfg = Release|Any CPU
		{F8219A78-E683-44B5-B011-57FCCA7BEF56}.Release|Any CPU.Build.0 = Release|Any CPU
		{69BC443A-4353-4802-8EBA-7BC0B5E131E9}.Debug|Any CPU.ActiveCfg = Debug|Any CPU
		{69BC443A-4353-4802-8EBA-7BC0B5E131E9}.Debug|Any CPU.Build.0 = Debug|Any CPU
		{69BC443A-4353-4802-8EBA-7BC0B5E131E9}.Release|Any CPU.ActiveCfg = Release|Any CPU
		{69BC443A-4353-4802-8EBA-7BC0B5E131E9}.Release|Any CPU.Build.0 = Release|Any CPU
		{15392F84-2361-45F5-BAEB-2BFC4D2995D0}.Debug|Any CPU.ActiveCfg = Debug|Any CPU
		{15392F84-2361-45F5-BAEB-2BFC4D2995D0}.Debug|Any CPU.Build.0 = Debug|Any CPU
		{15392F84-2361-45F5-BAEB-2BFC4D2995D0}.Release|Any CPU.ActiveCfg = Release|Any CPU
		{15392F84-2361-45F5-BAEB-2BFC4D2995D0}.Release|Any CPU.Build.0 = Release|Any CPU
		{78312136-2C09-4FC5-9F5D-E0EC9A0B7B61}.Debug|Any CPU.ActiveCfg = Debug|Any CPU
		{78312136-2C09-4FC5-9F5D-E0EC9A0B7B61}.Debug|Any CPU.Build.0 = Debug|Any CPU
		{78312136-2C09-4FC5-9F5D-E0EC9A0B7B61}.Release|Any CPU.ActiveCfg = Release|Any CPU
		{78312136-2C09-4FC5-9F5D-E0EC9A0B7B61}.Release|Any CPU.Build.0 = Release|Any CPU
		{50F4F275-7D89-40B6-89FC-A4BCBD21FF2B}.Debug|Any CPU.ActiveCfg = Debug|Any CPU
		{50F4F275-7D89-40B6-89FC-A4BCBD21FF2B}.Debug|Any CPU.Build.0 = Debug|Any CPU
		{50F4F275-7D89-40B6-89FC-A4BCBD21FF2B}.Release|Any CPU.ActiveCfg = Release|Any CPU
		{50F4F275-7D89-40B6-89FC-A4BCBD21FF2B}.Release|Any CPU.Build.0 = Release|Any CPU
		{A4C7A63A-7DFE-4EBF-A3CF-91B9EC8022DA}.Debug|Any CPU.ActiveCfg = Debug|Any CPU
		{A4C7A63A-7DFE-4EBF-A3CF-91B9EC8022DA}.Debug|Any CPU.Build.0 = Debug|Any CPU
		{A4C7A63A-7DFE-4EBF-A3CF-91B9EC8022DA}.Release|Any CPU.ActiveCfg = Release|Any CPU
		{A4C7A63A-7DFE-4EBF-A3CF-91B9EC8022DA}.Release|Any CPU.Build.0 = Release|Any CPU
		{221E41F4-896B-4948-B782-7C3B99C3EA2E}.Debug|Any CPU.ActiveCfg = Debug|Any CPU
		{221E41F4-896B-4948-B782-7C3B99C3EA2E}.Debug|Any CPU.Build.0 = Debug|Any CPU
		{221E41F4-896B-4948-B782-7C3B99C3EA2E}.Release|Any CPU.ActiveCfg = Release|Any CPU
		{221E41F4-896B-4948-B782-7C3B99C3EA2E}.Release|Any CPU.Build.0 = Release|Any CPU
		{5A44DDF2-5624-4E06-B5C3-ECA76310375D}.Debug|Any CPU.ActiveCfg = Debug|Any CPU
		{5A44DDF2-5624-4E06-B5C3-ECA76310375D}.Debug|Any CPU.Build.0 = Debug|Any CPU
		{5A44DDF2-5624-4E06-B5C3-ECA76310375D}.Release|Any CPU.ActiveCfg = Release|Any CPU
		{5A44DDF2-5624-4E06-B5C3-ECA76310375D}.Release|Any CPU.Build.0 = Release|Any CPU
		{4F338BCA-F037-411C-8EFF-F86B3E3D38D9}.Debug|Any CPU.ActiveCfg = Debug|Any CPU
		{4F338BCA-F037-411C-8EFF-F86B3E3D38D9}.Debug|Any CPU.Build.0 = Debug|Any CPU
		{4F338BCA-F037-411C-8EFF-F86B3E3D38D9}.Release|Any CPU.ActiveCfg = Release|Any CPU
		{4F338BCA-F037-411C-8EFF-F86B3E3D38D9}.Release|Any CPU.Build.0 = Release|Any CPU
		{71FDD385-24E0-4ED9-A4A2-83E760D095A1}.Debug|Any CPU.ActiveCfg = Debug|Any CPU
		{71FDD385-24E0-4ED9-A4A2-83E760D095A1}.Debug|Any CPU.Build.0 = Debug|Any CPU
		{71FDD385-24E0-4ED9-A4A2-83E760D095A1}.Release|Any CPU.ActiveCfg = Release|Any CPU
		{71FDD385-24E0-4ED9-A4A2-83E760D095A1}.Release|Any CPU.Build.0 = Release|Any CPU
		{52C7CD5C-1F18-4EB0-9E59-BCBC48154974}.Debug|Any CPU.ActiveCfg = Debug|Any CPU
		{52C7CD5C-1F18-4EB0-9E59-BCBC48154974}.Debug|Any CPU.Build.0 = Debug|Any CPU
		{52C7CD5C-1F18-4EB0-9E59-BCBC48154974}.Release|Any CPU.ActiveCfg = Release|Any CPU
		{52C7CD5C-1F18-4EB0-9E59-BCBC48154974}.Release|Any CPU.Build.0 = Release|Any CPU
		{A1C965A4-C726-4D25-A52D-7B487440D4EC}.Debug|Any CPU.ActiveCfg = Debug|Any CPU
		{A1C965A4-C726-4D25-A52D-7B487440D4EC}.Debug|Any CPU.Build.0 = Debug|Any CPU
		{A1C965A4-C726-4D25-A52D-7B487440D4EC}.Release|Any CPU.ActiveCfg = Release|Any CPU
		{A1C965A4-C726-4D25-A52D-7B487440D4EC}.Release|Any CPU.Build.0 = Release|Any CPU
		{B16A4BB3-6E4E-4ECC-853C-95076ADAE944}.Debug|Any CPU.ActiveCfg = Debug|Any CPU
		{B16A4BB3-6E4E-4ECC-853C-95076ADAE944}.Debug|Any CPU.Build.0 = Debug|Any CPU
		{B16A4BB3-6E4E-4ECC-853C-95076ADAE944}.Release|Any CPU.ActiveCfg = Release|Any CPU
		{B16A4BB3-6E4E-4ECC-853C-95076ADAE944}.Release|Any CPU.Build.0 = Release|Any CPU
		{47754421-C19E-4F28-A986-46C2EDCF0400}.Debug|Any CPU.ActiveCfg = Debug|Any CPU
		{47754421-C19E-4F28-A986-46C2EDCF0400}.Debug|Any CPU.Build.0 = Debug|Any CPU
		{47754421-C19E-4F28-A986-46C2EDCF0400}.Release|Any CPU.ActiveCfg = Release|Any CPU
		{47754421-C19E-4F28-A986-46C2EDCF0400}.Release|Any CPU.Build.0 = Release|Any CPU
		{3646C3DC-71EA-4255-9FC2-7391010CCFF3}.Debug|Any CPU.ActiveCfg = Debug|Any CPU
		{3646C3DC-71EA-4255-9FC2-7391010CCFF3}.Debug|Any CPU.Build.0 = Debug|Any CPU
		{3646C3DC-71EA-4255-9FC2-7391010CCFF3}.Release|Any CPU.ActiveCfg = Release|Any CPU
		{3646C3DC-71EA-4255-9FC2-7391010CCFF3}.Release|Any CPU.Build.0 = Release|Any CPU
		{38380400-1F86-43C8-9ACD-1D8E234370D4}.Debug|Any CPU.ActiveCfg = Debug|Any CPU
		{38380400-1F86-43C8-9ACD-1D8E234370D4}.Debug|Any CPU.Build.0 = Debug|Any CPU
		{38380400-1F86-43C8-9ACD-1D8E234370D4}.Release|Any CPU.ActiveCfg = Release|Any CPU
		{38380400-1F86-43C8-9ACD-1D8E234370D4}.Release|Any CPU.Build.0 = Release|Any CPU
		{CDA6325F-8862-40E3-8926-518D86CFC252}.Debug|Any CPU.ActiveCfg = Debug|Any CPU
		{CDA6325F-8862-40E3-8926-518D86CFC252}.Debug|Any CPU.Build.0 = Debug|Any CPU
		{CDA6325F-8862-40E3-8926-518D86CFC252}.Release|Any CPU.ActiveCfg = Release|Any CPU
		{CDA6325F-8862-40E3-8926-518D86CFC252}.Release|Any CPU.Build.0 = Release|Any CPU
		{0856832A-09FF-4CE2-8C5A-6F4559B3F616}.Debug|Any CPU.ActiveCfg = Debug|Any CPU
		{0856832A-09FF-4CE2-8C5A-6F4559B3F616}.Debug|Any CPU.Build.0 = Debug|Any CPU
		{0856832A-09FF-4CE2-8C5A-6F4559B3F616}.Release|Any CPU.ActiveCfg = Release|Any CPU
		{0856832A-09FF-4CE2-8C5A-6F4559B3F616}.Release|Any CPU.Build.0 = Release|Any CPU
		{05AAECFD-5A06-4900-B5D7-390FFD6CEA95}.Debug|Any CPU.ActiveCfg = Debug|Any CPU
		{05AAECFD-5A06-4900-B5D7-390FFD6CEA95}.Debug|Any CPU.Build.0 = Debug|Any CPU
		{05AAECFD-5A06-4900-B5D7-390FFD6CEA95}.Release|Any CPU.ActiveCfg = Release|Any CPU
		{05AAECFD-5A06-4900-B5D7-390FFD6CEA95}.Release|Any CPU.Build.0 = Release|Any CPU
		{5CEFCD81-7BA1-4787-847F-E048475AF346}.Debug|Any CPU.ActiveCfg = Debug|Any CPU
		{5CEFCD81-7BA1-4787-847F-E048475AF346}.Debug|Any CPU.Build.0 = Debug|Any CPU
		{5CEFCD81-7BA1-4787-847F-E048475AF346}.Release|Any CPU.ActiveCfg = Release|Any CPU
		{5CEFCD81-7BA1-4787-847F-E048475AF346}.Release|Any CPU.Build.0 = Release|Any CPU
		{4FB51809-6E1B-4A01-873E-F7ACEE3CB8F7}.Debug|Any CPU.ActiveCfg = Debug|Any CPU
		{4FB51809-6E1B-4A01-873E-F7ACEE3CB8F7}.Debug|Any CPU.Build.0 = Debug|Any CPU
		{4FB51809-6E1B-4A01-873E-F7ACEE3CB8F7}.Release|Any CPU.ActiveCfg = Release|Any CPU
		{4FB51809-6E1B-4A01-873E-F7ACEE3CB8F7}.Release|Any CPU.Build.0 = Release|Any CPU
		{27480E50-FB5B-40BD-8421-35F418E99B44}.Debug|Any CPU.ActiveCfg = Debug|Any CPU
		{27480E50-FB5B-40BD-8421-35F418E99B44}.Debug|Any CPU.Build.0 = Debug|Any CPU
		{27480E50-FB5B-40BD-8421-35F418E99B44}.Release|Any CPU.ActiveCfg = Release|Any CPU
		{27480E50-FB5B-40BD-8421-35F418E99B44}.Release|Any CPU.Build.0 = Release|Any CPU
		{1C61125E-7F1A-4FD9-91F7-03D784F8C288}.Debug|Any CPU.ActiveCfg = Debug|Any CPU
		{1C61125E-7F1A-4FD9-91F7-03D784F8C288}.Debug|Any CPU.Build.0 = Debug|Any CPU
		{1C61125E-7F1A-4FD9-91F7-03D784F8C288}.Release|Any CPU.ActiveCfg = Release|Any CPU
		{1C61125E-7F1A-4FD9-91F7-03D784F8C288}.Release|Any CPU.Build.0 = Release|Any CPU
	EndGlobalSection
EndGlobal
