
Microsoft Visual Studio Solution File, Format Version 12.00
Project("{2150E333-8FDC-42A3-9474-1A3956D46DE8}") = "src", "src", "{3D3DA612-2E08-4BA9-AA05-3B54DF1754D9}"
EndProject
Project("{2150E333-8FDC-42A3-9474-1A3956D46DE8}") = "AuthorizationService", "AuthorizationService", "{58F654DE-FA26-4166-83E4-29E75DD1BB58}"
EndProject
Project("{2150E333-8FDC-42A3-9474-1A3956D46DE8}") = "src", "src", "{3C1E5B50-EA4B-48C1-BD64-1A31C877A1A1}"
EndProject
Project("{FAE04EC0-301F-11D3-BF4B-00C04F79EFBC}") = "AuthorizationService.Domain", "src\AuthorizationService\src\AuthorizationService.Domain\AuthorizationService.Domain.csproj", "{7B550E5B-C7EB-447F-804E-24069BD67A84}"
EndProject
Project("{FAE04EC0-301F-11D3-BF4B-00C04F79EFBC}") = "ApplicationOld", "src\AuthorizationService\src\ApplicationOld\ApplicationOld.csproj", "{FB38BD88-DF30-4A36-B567-D7302554B8CE}"
EndProject
Project("{FAE04EC0-301F-11D3-BF4B-00C04F79EFBC}") = "AuthorizationService.Infrastructure", "src\AuthorizationService\src\AuthorizationService.Infrastructure\AuthorizationService.Infrastructure.csproj", "{9E924ECE-1399-4F29-A4BA-3995170E82F7}"
EndProject
Project("{2150E333-8FDC-42A3-9474-1A3956D46DE8}") = "tests", "tests", "{8E8AAEF7-8468-4C96-8F7F-1EEDD5A1CFCC}"
EndProject
Project("{FAE04EC0-301F-11D3-BF4B-00C04F79EFBC}") = "AuthorizationService.Application", "src\AuthorizationService\src\AuthorizationService.Application\AuthorizationService.Application.csproj", "{B5A47565-06F0-4A5E-8B0B-DFDF8D73B6D2}"
EndProject
Project("{2150E333-8FDC-42A3-9474-1A3956D46DE8}") = "SharedService", "SharedService", "{C5538FAD-FA7F-4CEC-ACFA-2CC00DAE01CD}"
EndProject
Project("{2150E333-8FDC-42A3-9474-1A3956D46DE8}") = "src", "src", "{A1BEC8C9-5A48-4C8C-BDE0-B4447D279CEB}"
EndProject
Project("{2150E333-8FDC-42A3-9474-1A3956D46DE8}") = "tests", "tests", "{DC56EFF4-5061-4C96-BDC1-90E3A6703663}"
EndProject
Project("{FAE04EC0-301F-11D3-BF4B-00C04F79EFBC}") = "CoreConfiguration", "src\SharedService\src\CoreConfiguration\CoreConfiguration.csproj", "{2A3A9112-CDD0-4662-8C6A-FE8EAF9D13CC}"
EndProject
Project("{FAE04EC0-301F-11D3-BF4B-00C04F79EFBC}") = "MessagePublisher", "src\SharedService\src\MessagePublisherService\src\MessagePublisher\MessagePublisher.csproj", "{EDCD99EB-BA17-4C22-AB27-A63210825D27}"
EndProject
Project("{2150E333-8FDC-42A3-9474-1A3956D46DE8}") = "Systems", "Systems", "{6E28EC80-6EB6-4365-BA44-B8DE5A818566}"
EndProject
Project("{FAE04EC0-301F-11D3-BF4B-00C04F79EFBC}") = "AuthorizationService.Api", "src\AuthorizationService\src\Systems\AuthorizationService.Api\AuthorizationService.Api.csproj", "{706BBB5B-D1C1-4EA0-BE2F-29EA6B496E18}"
EndProject
Project("{2150E333-8FDC-42A3-9474-1A3956D46DE8}") = "AccountService", "AccountService", "{ED2F59F1-6624-4C3E-827C-05191497053F}"
EndProject
Project("{2150E333-8FDC-42A3-9474-1A3956D46DE8}") = "src", "src", "{C283E9F7-04B9-4B7F-9380-CF039334F6B4}"
EndProject
Project("{FAE04EC0-301F-11D3-BF4B-00C04F79EFBC}") = "AccountService.Domain", "src\AccountService\src\AccountService.Domain\AccountService.Domain.csproj", "{F8219A78-E683-44B5-B011-57FCCA7BEF56}"
EndProject
Project("{FAE04EC0-301F-11D3-BF4B-00C04F79EFBC}") = "AccountService.Application", "src\AccountService\src\AccountService.Application\AccountService.Application.csproj", "{69BC443A-4353-4802-8EBA-7BC0B5E131E9}"
EndProject
Project("{FAE04EC0-301F-11D3-BF4B-00C04F79EFBC}") = "AccountService.Infrastructure", "src\AccountService\src\AccountService.Infrastructure\AccountService.Infrastructure.csproj", "{15392F84-2361-45F5-BAEB-2BFC4D2995D0}"
EndProject
Project("{2150E333-8FDC-42A3-9474-1A3956D46DE8}") = "Systems", "Systems", "{8A9353B7-DA77-4322-A59D-F9622CB85B4A}"
EndProject
Project("{FAE04EC0-301F-11D3-BF4B-00C04F79EFBC}") = "AccountService.Api", "src\AccountService\src\Systems\AccountService.Api\AccountService.Api.csproj", "{DB316F98-404B-4921-9890-3F0ED1B5A213}"
EndProject
Project("{FAE04EC0-301F-11D3-BF4B-00C04F79EFBC}") = "AccountService.Worker", "src\AccountService\src\Systems\AccountService.Worker\AccountService.Worker.csproj", "{942A751D-FBFE-4EB9-B20C-2F5019ED417B}"
EndProject
Global
	GlobalSection(SolutionConfigurationPlatforms) = preSolution
		Debug|Any CPU = Debug|Any CPU
		Release|Any CPU = Release|Any CPU
	EndGlobalSection
	GlobalSection(NestedProjects) = preSolution
		{58F654DE-FA26-4166-83E4-29E75DD1BB58} = {3D3DA612-2E08-4BA9-AA05-3B54DF1754D9}
		{3C1E5B50-EA4B-48C1-BD64-1A31C877A1A1} = {58F654DE-FA26-4166-83E4-29E75DD1BB58}
		{7B550E5B-C7EB-447F-804E-24069BD67A84} = {3C1E5B50-EA4B-48C1-BD64-1A31C877A1A1}
		{FB38BD88-DF30-4A36-B567-D7302554B8CE} = {3C1E5B50-EA4B-48C1-BD64-1A31C877A1A1}
		{9E924ECE-1399-4F29-A4BA-3995170E82F7} = {3C1E5B50-EA4B-48C1-BD64-1A31C877A1A1}
		{B5A47565-06F0-4A5E-8B0B-DFDF8D73B6D2} = {3C1E5B50-EA4B-48C1-BD64-1A31C877A1A1}
		{C5538FAD-FA7F-4CEC-ACFA-2CC00DAE01CD} = {3D3DA612-2E08-4BA9-AA05-3B54DF1754D9}
		{A1BEC8C9-5A48-4C8C-BDE0-B4447D279CEB} = {C5538FAD-FA7F-4CEC-ACFA-2CC00DAE01CD}
		{DC56EFF4-5061-4C96-BDC1-90E3A6703663} = {C5538FAD-FA7F-4CEC-ACFA-2CC00DAE01CD}
		{2A3A9112-CDD0-4662-8C6A-FE8EAF9D13CC} = {A1BEC8C9-5A48-4C8C-BDE0-B4447D279CEB}
		{EDCD99EB-BA17-4C22-AB27-A63210825D27} = {A1BEC8C9-5A48-4C8C-BDE0-B4447D279CEB}
		{6E28EC80-6EB6-4365-BA44-B8DE5A818566} = {3C1E5B50-EA4B-48C1-BD64-1A31C877A1A1}
		{706BBB5B-D1C1-4EA0-BE2F-29EA6B496E18} = {6E28EC80-6EB6-4365-BA44-B8DE5A818566}
		{ED2F59F1-6624-4C3E-827C-05191497053F} = {3D3DA612-2E08-4BA9-AA05-3B54DF1754D9}
		{C283E9F7-04B9-4B7F-9380-CF039334F6B4} = {ED2F59F1-6624-4C3E-827C-05191497053F}
		{F8219A78-E683-44B5-B011-57FCCA7BEF56} = {C283E9F7-04B9-4B7F-9380-CF039334F6B4}
		{69BC443A-4353-4802-8EBA-7BC0B5E131E9} = {C283E9F7-04B9-4B7F-9380-CF039334F6B4}
		{15392F84-2361-45F5-BAEB-2BFC4D2995D0} = {C283E9F7-04B9-4B7F-9380-CF039334F6B4}
		{8A9353B7-DA77-4322-A59D-F9622CB85B4A} = {C283E9F7-04B9-4B7F-9380-CF039334F6B4}
		{DB316F98-404B-4921-9890-3F0ED1B5A213} = {8A9353B7-DA77-4322-A59D-F9622CB85B4A}
		{942A751D-FBFE-4EB9-B20C-2F5019ED417B} = {8A9353B7-DA77-4322-A59D-F9622CB85B4A}
	EndGlobalSection
	GlobalSection(ProjectConfigurationPlatforms) = postSolution
		{7B550E5B-C7EB-447F-804E-24069BD67A84}.Debug|Any CPU.ActiveCfg = Debug|Any CPU
		{7B550E5B-C7EB-447F-804E-24069BD67A84}.Debug|Any CPU.Build.0 = Debug|Any CPU
		{7B550E5B-C7EB-447F-804E-24069BD67A84}.Release|Any CPU.ActiveCfg = Release|Any CPU
		{7B550E5B-C7EB-447F-804E-24069BD67A84}.Release|Any CPU.Build.0 = Release|Any CPU
		{FB38BD88-DF30-4A36-B567-D7302554B8CE}.Debug|Any CPU.ActiveCfg = Debug|Any CPU
		{FB38BD88-DF30-4A36-B567-D7302554B8CE}.Debug|Any CPU.Build.0 = Debug|Any CPU
		{FB38BD88-DF30-4A36-B567-D7302554B8CE}.Release|Any CPU.ActiveCfg = Release|Any CPU
		{FB38BD88-DF30-4A36-B567-D7302554B8CE}.Release|Any CPU.Build.0 = Release|Any CPU
		{9E924ECE-1399-4F29-A4BA-3995170E82F7}.Debug|Any CPU.ActiveCfg = Debug|Any CPU
		{9E924ECE-1399-4F29-A4BA-3995170E82F7}.Debug|Any CPU.Build.0 = Debug|Any CPU
		{9E924ECE-1399-4F29-A4BA-3995170E82F7}.Release|Any CPU.ActiveCfg = Release|Any CPU
		{9E924ECE-1399-4F29-A4BA-3995170E82F7}.Release|Any CPU.Build.0 = Release|Any CPU
		{B5A47565-06F0-4A5E-8B0B-DFDF8D73B6D2}.Debug|Any CPU.ActiveCfg = Debug|Any CPU
		{B5A47565-06F0-4A5E-8B0B-DFDF8D73B6D2}.Debug|Any CPU.Build.0 = Debug|Any CPU
		{B5A47565-06F0-4A5E-8B0B-DFDF8D73B6D2}.Release|Any CPU.ActiveCfg = Release|Any CPU
		{B5A47565-06F0-4A5E-8B0B-DFDF8D73B6D2}.Release|Any CPU.Build.0 = Release|Any CPU
		{2A3A9112-CDD0-4662-8C6A-FE8EAF9D13CC}.Debug|Any CPU.ActiveCfg = Debug|Any CPU
		{2A3A9112-CDD0-4662-8C6A-FE8EAF9D13CC}.Debug|Any CPU.Build.0 = Debug|Any CPU
		{2A3A9112-CDD0-4662-8C6A-FE8EAF9D13CC}.Release|Any CPU.ActiveCfg = Release|Any CPU
		{2A3A9112-CDD0-4662-8C6A-FE8EAF9D13CC}.Release|Any CPU.Build.0 = Release|Any CPU
		{EDCD99EB-BA17-4C22-AB27-A63210825D27}.Debug|Any CPU.ActiveCfg = Debug|Any CPU
		{EDCD99EB-BA17-4C22-AB27-A63210825D27}.Debug|Any CPU.Build.0 = Debug|Any CPU
		{EDCD99EB-BA17-4C22-AB27-A63210825D27}.Release|Any CPU.ActiveCfg = Release|Any CPU
		{EDCD99EB-BA17-4C22-AB27-A63210825D27}.Release|Any CPU.Build.0 = Release|Any CPU
		{706BBB5B-D1C1-4EA0-BE2F-29EA6B496E18}.Debug|Any CPU.ActiveCfg = Debug|Any CPU
		{706BBB5B-D1C1-4EA0-BE2F-29EA6B496E18}.Debug|Any CPU.Build.0 = Debug|Any CPU
		{706BBB5B-D1C1-4EA0-BE2F-29EA6B496E18}.Release|Any CPU.ActiveCfg = Release|Any CPU
		{706BBB5B-D1C1-4EA0-BE2F-29EA6B496E18}.Release|Any CPU.Build.0 = Release|Any CPU
		{F8219A78-E683-44B5-B011-57FCCA7BEF56}.Debug|Any CPU.ActiveCfg = Debug|Any CPU
		{F8219A78-E683-44B5-B011-57FCCA7BEF56}.Debug|Any CPU.Build.0 = Debug|Any CPU
		{F8219A78-E683-44B5-B011-57FCCA7BEF56}.Release|Any CPU.ActiveCfg = Release|Any CPU
		{F8219A78-E683-44B5-B011-57FCCA7BEF56}.Release|Any CPU.Build.0 = Release|Any CPU
		{69BC443A-4353-4802-8EBA-7BC0B5E131E9}.Debug|Any CPU.ActiveCfg = Debug|Any CPU
		{69BC443A-4353-4802-8EBA-7BC0B5E131E9}.Debug|Any CPU.Build.0 = Debug|Any CPU
		{69BC443A-4353-4802-8EBA-7BC0B5E131E9}.Release|Any CPU.ActiveCfg = Release|Any CPU
		{69BC443A-4353-4802-8EBA-7BC0B5E131E9}.Release|Any CPU.Build.0 = Release|Any CPU
		{15392F84-2361-45F5-BAEB-2BFC4D2995D0}.Debug|Any CPU.ActiveCfg = Debug|Any CPU
		{15392F84-2361-45F5-BAEB-2BFC4D2995D0}.Debug|Any CPU.Build.0 = Debug|Any CPU
		{15392F84-2361-45F5-BAEB-2BFC4D2995D0}.Release|Any CPU.ActiveCfg = Release|Any CPU
		{15392F84-2361-45F5-BAEB-2BFC4D2995D0}.Release|Any CPU.Build.0 = Release|Any CPU
		{DB316F98-404B-4921-9890-3F0ED1B5A213}.Debug|Any CPU.ActiveCfg = Debug|Any CPU
		{DB316F98-404B-4921-9890-3F0ED1B5A213}.Debug|Any CPU.Build.0 = Debug|Any CPU
		{DB316F98-404B-4921-9890-3F0ED1B5A213}.Release|Any CPU.ActiveCfg = Release|Any CPU
		{DB316F98-404B-4921-9890-3F0ED1B5A213}.Release|Any CPU.Build.0 = Release|Any CPU
		{942A751D-FBFE-4EB9-B20C-2F5019ED417B}.Debug|Any CPU.ActiveCfg = Debug|Any CPU
		{942A751D-FBFE-4EB9-B20C-2F5019ED417B}.Debug|Any CPU.Build.0 = Debug|Any CPU
		{942A751D-FBFE-4EB9-B20C-2F5019ED417B}.Release|Any CPU.ActiveCfg = Release|Any CPU
		{942A751D-FBFE-4EB9-B20C-2F5019ED417B}.Release|Any CPU.Build.0 = Release|Any CPU
	EndGlobalSection
EndGlobal
